Microsoft Visual Studio Solution File, Format Version 11.00
# Visual Studio 2019

Project("{8BC9CEB8-8B4A-11D0-8D11-00A0C91BC942}") = "CWG - Standalone Plugin", "CWG_StandalonePlugin.vcxproj", "{1FFBC772-5D66-0EC1-B195-D7454ECE6152}"
	ProjectSection(ProjectDependencies) = postProject
		{97DF4443-ECAB-91A9-456A-9C9E3478FC36} = {97DF4443-ECAB-91A9-456A-9C9E3478FC36}
	EndProjectSection
EndProject
Project("{8BC9CEB8-8B4A-11D0-8D11-00A0C91BC942}") = "CWG - VST", "CWG_VST.vcxproj", "{22829923-5CF1-897E-FDD7-1DD8CE7CB7A5}"
	ProjectSection(ProjectDependencies) = postProject
		{97DF4443-ECAB-91A9-456A-9C9E3478FC36} = {97DF4443-ECAB-91A9-456A-9C9E3478FC36}
	EndProjectSection
EndProject
Project("{8BC9CEB8-8B4A-11D0-8D11-00A0C91BC942}") = "CWG - VST3", "CWG_VST3.vcxproj", "{A0808A30-5748-BEE3-2F7F-817086FCEED5}"
	ProjectSection(ProjectDependencies) = postProject
		{97DF4443-ECAB-91A9-456A-9C9E3478FC36} = {97DF4443-ECAB-91A9-456A-9C9E3478FC36}
	EndProjectSection
EndProject
Project("{8BC9CEB8-8B4A-11D0-8D11-00A0C91BC942}") = "CWG - Shared Code", "CWG_SharedCode.vcxproj", "{97DF4443-ECAB-91A9-456A-9C9E3478FC36}"
EndProject
Global
	GlobalSection(SolutionConfigurationPlatforms) = preSolution
		Debug|x64 = Debug|x64
		Release|x64 = Release|x64
	EndGlobalSection
	GlobalSection(ProjectConfigurationPlatforms) = postSolution
		{22829923-5CF1-897E-FDD7-1DD8CE7CB7A5}.Debug|x64.ActiveCfg = Debug|x64
		{22829923-5CF1-897E-FDD7-1DD8CE7CB7A5}.Debug|x64.Build.0 = Debug|x64
		{22829923-5CF1-897E-FDD7-1DD8CE7CB7A5}.Release|x64.ActiveCfg = Release|x64
		{22829923-5CF1-897E-FDD7-1DD8CE7CB7A5}.Release|x64.Build.0 = Release|x64
		{A0808A30-5748-BEE3-2F7F-817086FCEED5}.Debug|x64.ActiveCfg = Debug|x64
		{A0808A30-5748-BEE3-2F7F-817086FCEED5}.Debug|x64.Build.0 = Debug|x64
		{A0808A30-5748-BEE3-2F7F-817086FCEED5}.Release|x64.ActiveCfg = Release|x64
		{A0808A30-5748-BEE3-2F7F-817086FCEED5}.Release|x64.Build.0 = Release|x64
		{1FFBC772-5D66-0EC1-B195-D7454ECE6152}.Debug|x64.ActiveCfg = Debug|x64
		{1FFBC772-5D66-0EC1-B195-D7454ECE6152}.Debug|x64.Build.0 = Debug|x64
		{1FFBC772-5D66-0EC1-B195-D7454ECE6152}.Release|x64.ActiveCfg = Release|x64
		{1FFBC772-5D66-0EC1-B195-D7454ECE6152}.Release|x64.Build.0 = Release|x64
		{97DF4443-ECAB-91A9-456A-9C9E3478FC36}.Debug|x64.ActiveCfg = Debug|x64
		{97DF4443-ECAB-91A9-456A-9C9E3478FC36}.Debug|x64.Build.0 = Debug|x64
		{97DF4443-ECAB-91A9-456A-9C9E3478FC36}.Release|x64.ActiveCfg = Release|x64
		{97DF4443-ECAB-91A9-456A-9C9E3478FC36}.Release|x64.Build.0 = Release|x64
	EndGlobalSection
	GlobalSection(SolutionProperties) = preSolution
		HideSolutionNode = FALSE
	EndGlobalSection
EndGlobal
